<?xml version="1.0" encoding="utf-8"?>
<Project ToolsVersion="4.0" xmlns="http://schemas.microsoft.com/developer/msbuild/2003">
  <ItemGroup>
    <Filter Include="res">
      <UniqueIdentifier>{67DA6AB6-F800-4c08-8B7A-83BB121AAD01}</UniqueIdentifier>
      <Extensions>rc;ico;cur;bmp;dlg;rc2;rct;bin;rgs;gif;jpg;jpeg;jpe;resx;tiff;tif;png;wav;mfcribbon-ms</Extensions>
    </Filter>
    <Filter Include="src">
      <UniqueIdentifier>{4FC737F1-C7A5-4376-A066-2A32D752A2FF}</UniqueIdentifier>
      <Extensions>cpp;c;cc;cxx;def;odl;idl;hpj;bat;asm;asmx</Extensions>
    </Filter>
    <Filter Include="headers">
      <UniqueIdentifier>{93995380-89BD-4b04-88EB-625FBE52EBFB}</UniqueIdentifier>
      <Extensions>h;hh;hpp;hxx;hm;inl;inc;ipp;xsd</Extensions>
    </Filter>
    <Filter Include="Dxerr">
      <UniqueIdentifier>{f3de8bcb-657b-4d61-8944-04b44c6200f3}</UniqueIdentifier>
    </Filter>
    <Filter Include="Shaders">
      <UniqueIdentifier>{c0eab885-5914-47fa-a054-15dc0d27c2bc}</UniqueIdentifier>
    </Filter>
  </ItemGroup>
  <ItemGroup>
    <ClCompile Include="Main.cpp">
      <Filter>src</Filter>
    </ClCompile>
    <ClCompile Include="Window.cpp">
      <Filter>src</Filter>
    </ClCompile>
    <ClCompile Include="MyException.cpp">
      <Filter>src</Filter>
    </ClCompile>
    <ClCompile Include="Keyboard.cpp">
      <Filter>src</Filter>
    </ClCompile>
    <ClCompile Include="Mouse.cpp">
      <Filter>src</Filter>
    </ClCompile>
    <ClCompile Include="App.cpp">
      <Filter>src</Filter>
    </ClCompile>
    <ClCompile Include="Timer.cpp">
      <Filter>src</Filter>
    </ClCompile>
    <ClCompile Include="Graphics.cpp">
      <Filter>src</Filter>
    </ClCompile>
    <ClCompile Include="Dxerr.cpp">
      <Filter>Dxerr</Filter>
    </ClCompile>
    <ClCompile Include="DxgiInfoManager.cpp">
      <Filter>Dxerr</Filter>
    </ClCompile>
  </ItemGroup>
  <ItemGroup>
    <ClInclude Include="Window.h">
      <Filter>headers</Filter>
    </ClInclude>
    <ClInclude Include="MyException.h">
      <Filter>headers</Filter>
    </ClInclude>
    <ClInclude Include="resource.h">
      <Filter>headers</Filter>
    </ClInclude>
    <ClInclude Include="Keyboard.h">
      <Filter>headers</Filter>
    </ClInclude>
    <ClInclude Include="Mouse.h">
      <Filter>headers</Filter>
    </ClInclude>
    <ClInclude Include="App.h">
      <Filter>headers</Filter>
    </ClInclude>
    <ClInclude Include="Timer.h">
      <Filter>headers</Filter>
    </ClInclude>
    <ClInclude Include="Graphics.h">
      <Filter>headers</Filter>
    </ClInclude>
    <ClInclude Include="WinHeader.h">
      <Filter>headers</Filter>
    </ClInclude>
    <ClInclude Include="Dxerr.h">
      <Filter>Dxerr</Filter>
    </ClInclude>
    <ClInclude Include="DxgiInfoManager.h">
      <Filter>Dxerr</Filter>
    </ClInclude>
  </ItemGroup>
  <ItemGroup>
    <ResourceCompile Include="Practice.rc">
      <Filter>res</Filter>
    </ResourceCompile>
  </ItemGroup>
  <ItemGroup>
    <Image Include="joystick.ico">
      <Filter>res</Filter>
    </Image>
  </ItemGroup>
  <ItemGroup>
    <None Include="..\..\hw3d\hw3d\DXTrace.inl">
      <Filter>Dxerr</Filter>
    </None>
    <None Include="..\..\hw3d\hw3d\DXGetErrorDescription.inl">
      <Filter>Dxerr</Filter>
    </None>
    <None Include="..\..\hw3d\hw3d\DXGetErrorString.inl">
      <Filter>Dxerr</Filter>
    </None>
  </ItemGroup>
  <ItemGroup>
    <FxCompile Include="VertexShader.hlsl">
      <Filter>Shaders</Filter>
    </FxCompile>
    <FxCompile Include="PixelShader.hlsl">
      <Filter>Shaders</Filter>
    </FxCompile>
  </ItemGroup>
</Project>